{
  "nodes": {
    "nixpkgs": {
      "locked": {
        "lastModified": 1678579079,
        "narHash": "sha256-ymn4S4wykbwRQa9/hhJRr+eFB79N6cFv0wHbxpF2obc=",
        "owner": "NixOS",
        "repo": "nixpkgs",
        "rev": "8b6900dc2ff916fe0c8b6ed250f1ef55d9962bb2",
        "type": "github"
      },
      "original": {
        "owner": "NixOS",
        "repo": "nixpkgs",
        "type": "github"
      }
    },
    "py-utils": {
      "locked": {
        "lastModified": 1644413372,
        "narHash": "sha256-rhdXGpPo+w5unxTyknBlRohjUunjipkMNQDhRhdvCwI=",
        "owner": "rmcgibbo",
        "repo": "python-flake-utils",
        "rev": "e4e662353fef10c37b3300b6a35eae3a234b74f4",
        "type": "github"
      },
      "original": {
        "owner": "rmcgibbo",
        "repo": "python-flake-utils",
        "type": "github"
      }
    },
    "root": {
      "inputs": {
        "nixpkgs": "nixpkgs",
        "py-utils": "py-utils",
        "utils": "utils"
      }
    },
    "utils": {
      "locked": {
        "lastModified": 1676283394,
        "narHash": "sha256-XX2f9c3iySLCw54rJ/CZs+ZK6IQy7GXNY4nSOyu2QG4=",
        "owner": "numtide",
        "repo": "flake-utils",
        "rev": "3db36a8b464d0c4532ba1c7dda728f4576d6d073",
        "type": "github"
      },
      "original": {
        "owner": "numtide",
        "repo": "flake-utils",
        "type": "github"
      }
    }
  },
  "root": "root",
  "version": 7
}
