{
  "nodes": {
    "nixpkgs": {
      "locked": {
        "lastModified": 1667692111,
        "narHash": "sha256-ku3tEGUV4VYFlN6KdOUXllh0Q865NooHgCEjp899wAY=",
        "owner": "NixOS",
        "repo": "nixpkgs",
        "rev": "1f834c8fdaa6f9be2cb633b42982c48fda9a49ee",
        "type": "github"
      },
      "original": {
        "owner": "NixOS",
        "repo": "nixpkgs",
        "type": "github"
      }
    },
    "py-utils": {
      "locked": {
        "lastModified": 1644413372,
        "narHash": "sha256-rhdXGpPo+w5unxTyknBlRohjUunjipkMNQDhRhdvCwI=",
        "owner": "rmcgibbo",
        "repo": "python-flake-utils",
        "rev": "e4e662353fef10c37b3300b6a35eae3a234b74f4",
        "type": "github"
      },
      "original": {
        "owner": "rmcgibbo",
        "repo": "python-flake-utils",
        "type": "github"
      }
    },
    "root": {
      "inputs": {
        "nixpkgs": "nixpkgs",
        "py-utils": "py-utils",
        "utils": "utils"
      }
    },
    "utils": {
      "locked": {
        "lastModified": 1667395993,
        "narHash": "sha256-nuEHfE/LcWyuSWnS8t12N1wc105Qtau+/OdUAjtQ0rA=",
        "owner": "numtide",
        "repo": "flake-utils",
        "rev": "5aed5285a952e0b949eb3ba02c12fa4fcfef535f",
        "type": "github"
      },
      "original": {
        "owner": "numtide",
        "repo": "flake-utils",
        "type": "github"
      }
    }
  },
  "root": "root",
  "version": 7
}
