{
  "nodes": {
    "nixpkgs": {
      "locked": {
        "lastModified": 1648337267,
        "narHash": "sha256-8DRg8UDvs63iaIaHEbWG7/lnD9ImQlMNsTZMY3PvFLc=",
        "owner": "NixOS",
        "repo": "nixpkgs",
        "rev": "6de161729c81dc98e844793cc9c8fda29d5ef62a",
        "type": "github"
      },
      "original": {
        "owner": "NixOS",
        "repo": "nixpkgs",
        "type": "github"
      }
    },
    "py-utils": {
      "locked": {
        "lastModified": 1644413372,
        "narHash": "sha256-rhdXGpPo+w5unxTyknBlRohjUunjipkMNQDhRhdvCwI=",
        "owner": "rmcgibbo",
        "repo": "python-flake-utils",
        "rev": "e4e662353fef10c37b3300b6a35eae3a234b74f4",
        "type": "github"
      },
      "original": {
        "owner": "rmcgibbo",
        "repo": "python-flake-utils",
        "type": "github"
      }
    },
    "root": {
      "inputs": {
        "nixpkgs": "nixpkgs",
        "py-utils": "py-utils",
        "utils": "utils"
      }
    },
    "utils": {
      "locked": {
        "lastModified": 1648297722,
        "narHash": "sha256-W+qlPsiZd8F3XkzXOzAoR+mpFqzm3ekQkJNa+PIh1BQ=",
        "owner": "numtide",
        "repo": "flake-utils",
        "rev": "0f8662f1319ad6abf89b3380dd2722369fc51ade",
        "type": "github"
      },
      "original": {
        "owner": "numtide",
        "repo": "flake-utils",
        "type": "github"
      }
    }
  },
  "root": "root",
  "version": 7
}
